// !$*UTF8*$!
{
	archiveVersion = 1;
	classes = {
	};
	objectVersion = 50;
	objects = {

/* Begin PBXBuildFile section */
		095005C7229B797A003CAF8E /* tetris.nes in Resources */ = {isa = PBXBuildFile; fileRef = 095005C6229B797A003CAF8E /* tetris.nes */; };
		095005C9229B8E00003CAF8E /* zelda1.nes in Resources */ = {isa = PBXBuildFile; fileRef = 095005C8229B8E00003CAF8E /* zelda1.nes */; };
		09506B1F22A6B07E00094ECF /* ROMSelectViewController.swift in Sources */ = {isa = PBXBuildFile; fileRef = 09506B1E22A6B07E00094ECF /* ROMSelectViewController.swift */; };
		09AE3D1C229B05260008C759 /* main.swift in Sources */ = {isa = PBXBuildFile; fileRef = 09AE3D1B229B05260008C759 /* main.swift */; };
		09AE3D62229B05520008C759 /* ppu.cpp in Sources */ = {isa = PBXBuildFile; fileRef = 09AE3D47229B05520008C759 /* ppu.cpp */; };
		09AE3D63229B05520008C759 /* mapper.cpp in Sources */ = {isa = PBXBuildFile; fileRef = 09AE3D48229B05520008C759 /* mapper.cpp */; };
		09AE3D64229B05520008C759 /* cartridge.cpp in Sources */ = {isa = PBXBuildFile; fileRef = 09AE3D49229B05520008C759 /* cartridge.cpp */; };
		09AE3D65229B05520008C759 /* emulator.cpp in Sources */ = {isa = PBXBuildFile; fileRef = 09AE3D4A229B05520008C759 /* emulator.cpp */; };
		09AE3D67229B05520008C759 /* picture_bus.cpp in Sources */ = {isa = PBXBuildFile; fileRef = 09AE3D4C229B05520008C759 /* picture_bus.cpp */; };
		09AE3D68229B05520008C759 /* main_bus.cpp in Sources */ = {isa = PBXBuildFile; fileRef = 09AE3D4D229B05520008C759 /* main_bus.cpp */; };
		09AE3D69229B05520008C759 /* controller.cpp in Sources */ = {isa = PBXBuildFile; fileRef = 09AE3D4E229B05520008C759 /* controller.cpp */; };
		09AE3D6A229B05520008C759 /* mapper_CNROM.cpp in Sources */ = {isa = PBXBuildFile; fileRef = 09AE3D50229B05520008C759 /* mapper_CNROM.cpp */; };
		09AE3D6B229B05520008C759 /* mapper_UxROM.cpp in Sources */ = {isa = PBXBuildFile; fileRef = 09AE3D51229B05520008C759 /* mapper_UxROM.cpp */; };
		09AE3D6C229B05520008C759 /* mapper_NROM.cpp in Sources */ = {isa = PBXBuildFile; fileRef = 09AE3D52229B05520008C759 /* mapper_NROM.cpp */; };
		09AE3D6D229B05520008C759 /* mapper_SxROM.cpp in Sources */ = {isa = PBXBuildFile; fileRef = 09AE3D53229B05520008C759 /* mapper_SxROM.cpp */; };
		09AE3D6E229B05520008C759 /* cpu.cpp in Sources */ = {isa = PBXBuildFile; fileRef = 09AE3D54229B05520008C759 /* cpu.cpp */; };
		09AE3D76229B16360008C759 /* emulator_wrapper.mm in Sources */ = {isa = PBXBuildFile; fileRef = 09AE3D75229B16360008C759 /* emulator_wrapper.mm */; };
		09AE3DD4229B29560008C759 /* AppDelegate.swift in Sources */ = {isa = PBXBuildFile; fileRef = 09AE3DD3229B29550008C759 /* AppDelegate.swift */; };
		09AE3DD6229B29560008C759 /* GameViewController.swift in Sources */ = {isa = PBXBuildFile; fileRef = 09AE3DD5229B29560008C759 /* GameViewController.swift */; };
		09AE3DD9229B29560008C759 /* Main.storyboard in Resources */ = {isa = PBXBuildFile; fileRef = 09AE3DD7229B29560008C759 /* Main.storyboard */; };
		09AE3DDC229B29560008C759 /* LaunchScreen.storyboard in Resources */ = {isa = PBXBuildFile; fileRef = 09AE3DDA229B29560008C759 /* LaunchScreen.storyboard */; };
		09AE3DFA229B2A130008C759 /* ppu.cpp in Sources */ = {isa = PBXBuildFile; fileRef = 09AE3D47229B05520008C759 /* ppu.cpp */; };
		09AE3DFB229B2A130008C759 /* mapper.cpp in Sources */ = {isa = PBXBuildFile; fileRef = 09AE3D48229B05520008C759 /* mapper.cpp */; };
		09AE3DFC229B2A130008C759 /* cartridge.cpp in Sources */ = {isa = PBXBuildFile; fileRef = 09AE3D49229B05520008C759 /* cartridge.cpp */; };
		09AE3DFD229B2A130008C759 /* emulator.cpp in Sources */ = {isa = PBXBuildFile; fileRef = 09AE3D4A229B05520008C759 /* emulator.cpp */; };
		09AE3DFE229B2A130008C759 /* picture_bus.cpp in Sources */ = {isa = PBXBuildFile; fileRef = 09AE3D4C229B05520008C759 /* picture_bus.cpp */; };
		09AE3DFF229B2A130008C759 /* main_bus.cpp in Sources */ = {isa = PBXBuildFile; fileRef = 09AE3D4D229B05520008C759 /* main_bus.cpp */; };
		09AE3E00229B2A130008C759 /* controller.cpp in Sources */ = {isa = PBXBuildFile; fileRef = 09AE3D4E229B05520008C759 /* controller.cpp */; };
		09AE3E01229B2A130008C759 /* mapper_CNROM.cpp in Sources */ = {isa = PBXBuildFile; fileRef = 09AE3D50229B05520008C759 /* mapper_CNROM.cpp */; };
		09AE3E02229B2A130008C759 /* mapper_UxROM.cpp in Sources */ = {isa = PBXBuildFile; fileRef = 09AE3D51229B05520008C759 /* mapper_UxROM.cpp */; };
		09AE3E03229B2A130008C759 /* mapper_NROM.cpp in Sources */ = {isa = PBXBuildFile; fileRef = 09AE3D52229B05520008C759 /* mapper_NROM.cpp */; };
		09AE3E04229B2A130008C759 /* mapper_SxROM.cpp in Sources */ = {isa = PBXBuildFile; fileRef = 09AE3D53229B05520008C759 /* mapper_SxROM.cpp */; };
		09AE3E05229B2A130008C759 /* cpu.cpp in Sources */ = {isa = PBXBuildFile; fileRef = 09AE3D54229B05520008C759 /* cpu.cpp */; };
		09AE3E06229B2A130008C759 /* emulator_wrapper.mm in Sources */ = {isa = PBXBuildFile; fileRef = 09AE3D75229B16360008C759 /* emulator_wrapper.mm */; };
		09AE3E07229B2AE30008C759 /* ppu.cpp in Sources */ = {isa = PBXBuildFile; fileRef = 09AE3D47229B05520008C759 /* ppu.cpp */; };
		09AE3E08229B2AE30008C759 /* mapper.cpp in Sources */ = {isa = PBXBuildFile; fileRef = 09AE3D48229B05520008C759 /* mapper.cpp */; };
		09AE3E09229B2AE30008C759 /* cartridge.cpp in Sources */ = {isa = PBXBuildFile; fileRef = 09AE3D49229B05520008C759 /* cartridge.cpp */; };
		09AE3E0A229B2AE30008C759 /* emulator.cpp in Sources */ = {isa = PBXBuildFile; fileRef = 09AE3D4A229B05520008C759 /* emulator.cpp */; };
		09AE3E0B229B2AE30008C759 /* picture_bus.cpp in Sources */ = {isa = PBXBuildFile; fileRef = 09AE3D4C229B05520008C759 /* picture_bus.cpp */; };
		09AE3E0C229B2AE30008C759 /* main_bus.cpp in Sources */ = {isa = PBXBuildFile; fileRef = 09AE3D4D229B05520008C759 /* main_bus.cpp */; };
		09AE3E0D229B2AE30008C759 /* controller.cpp in Sources */ = {isa = PBXBuildFile; fileRef = 09AE3D4E229B05520008C759 /* controller.cpp */; };
		09AE3E0E229B2AE30008C759 /* mapper_CNROM.cpp in Sources */ = {isa = PBXBuildFile; fileRef = 09AE3D50229B05520008C759 /* mapper_CNROM.cpp */; };
		09AE3E0F229B2AE30008C759 /* mapper_UxROM.cpp in Sources */ = {isa = PBXBuildFile; fileRef = 09AE3D51229B05520008C759 /* mapper_UxROM.cpp */; };
		09AE3E10229B2AE30008C759 /* mapper_NROM.cpp in Sources */ = {isa = PBXBuildFile; fileRef = 09AE3D52229B05520008C759 /* mapper_NROM.cpp */; };
		09AE3E11229B2AE30008C759 /* mapper_SxROM.cpp in Sources */ = {isa = PBXBuildFile; fileRef = 09AE3D53229B05520008C759 /* mapper_SxROM.cpp */; };
		09AE3E12229B2AE30008C759 /* cpu.cpp in Sources */ = {isa = PBXBuildFile; fileRef = 09AE3D54229B05520008C759 /* cpu.cpp */; };
		09AE3E13229B2AE30008C759 /* emulator_wrapper.mm in Sources */ = {isa = PBXBuildFile; fileRef = 09AE3D75229B16360008C759 /* emulator_wrapper.mm */; };
		09AE3E16229B2CA20008C759 /* super-mario-bros.nes in Resources */ = {isa = PBXBuildFile; fileRef = 09AE3E15229B2CA20008C759 /* super-mario-bros.nes */; };
		09AE3E19229B4D370008C759 /* Assets.xcassets in Resources */ = {isa = PBXBuildFile; fileRef = 09AE3E18229B4D370008C759 /* Assets.xcassets */; };
/* End PBXBuildFile section */

/* Begin PBXCopyFilesBuildPhase section */
		09AE3D16229B05260008C759 /* CopyFiles */ = {
			isa = PBXCopyFilesBuildPhase;
			buildActionMask = 2147483647;
			dstPath = /usr/share/man/man1/;
			dstSubfolderSpec = 0;
			files = (
			);
			runOnlyForDeploymentPostprocessing = 1;
		};
/* End PBXCopyFilesBuildPhase section */

/* Begin PBXFileReference section */
		095005C6229B797A003CAF8E /* tetris.nes */ = {isa = PBXFileReference; lastKnownFileType = file; path = tetris.nes; sourceTree = "<group>"; };
		095005C8229B8E00003CAF8E /* zelda1.nes */ = {isa = PBXFileReference; lastKnownFileType = file; path = zelda1.nes; sourceTree = "<group>"; };
		09506B1E22A6B07E00094ECF /* ROMSelectViewController.swift */ = {isa = PBXFileReference; lastKnownFileType = sourcecode.swift; path = ROMSelectViewController.swift; sourceTree = "<group>"; };
		09AE3D18229B05260008C759 /* nesSwift */ = {isa = PBXFileReference; explicitFileType = "compiled.mach-o.executable"; includeInIndex = 0; path = nesSwift; sourceTree = BUILT_PRODUCTS_DIR; };
		09AE3D1B229B05260008C759 /* main.swift */ = {isa = PBXFileReference; lastKnownFileType = sourcecode.swift; path = main.swift; sourceTree = "<group>"; };
		09AE3D25229B05520008C759 /* controller.hpp */ = {isa = PBXFileReference; fileEncoding = 4; lastKnownFileType = sourcecode.cpp.h; path = controller.hpp; sourceTree = "<group>"; };
		09AE3D26229B05520008C759 /* cpu.hpp */ = {isa = PBXFileReference; fileEncoding = 4; lastKnownFileType = sourcecode.cpp.h; path = cpu.hpp; sourceTree = "<group>"; };
		09AE3D27229B05520008C759 /* palette.hpp */ = {isa = PBXFileReference; fileEncoding = 4; lastKnownFileType = sourcecode.cpp.h; path = palette.hpp; sourceTree = "<group>"; };
		09AE3D28229B05520008C759 /* cpu_opcodes.hpp */ = {isa = PBXFileReference; fileEncoding = 4; lastKnownFileType = sourcecode.cpp.h; path = cpu_opcodes.hpp; sourceTree = "<group>"; };
		09AE3D29229B05520008C759 /* picture_bus.hpp */ = {isa = PBXFileReference; fileEncoding = 4; lastKnownFileType = sourcecode.cpp.h; path = picture_bus.hpp; sourceTree = "<group>"; };
		09AE3D2A229B05520008C759 /* main_bus.hpp */ = {isa = PBXFileReference; fileEncoding = 4; lastKnownFileType = sourcecode.cpp.h; path = main_bus.hpp; sourceTree = "<group>"; };
		09AE3D2B229B05520008C759 /* emulator.hpp */ = {isa = PBXFileReference; fileEncoding = 4; lastKnownFileType = sourcecode.cpp.h; path = emulator.hpp; sourceTree = "<group>"; };
		09AE3D2D229B05520008C759 /* mapper_SxROM.hpp */ = {isa = PBXFileReference; fileEncoding = 4; lastKnownFileType = sourcecode.cpp.h; path = mapper_SxROM.hpp; sourceTree = "<group>"; };
		09AE3D2E229B05520008C759 /* mapper_NROM.hpp */ = {isa = PBXFileReference; fileEncoding = 4; lastKnownFileType = sourcecode.cpp.h; path = mapper_NROM.hpp; sourceTree = "<group>"; };
		09AE3D2F229B05520008C759 /* mapper_UxROM.hpp */ = {isa = PBXFileReference; fileEncoding = 4; lastKnownFileType = sourcecode.cpp.h; path = mapper_UxROM.hpp; sourceTree = "<group>"; };
		09AE3D30229B05520008C759 /* mapper_CNROM.hpp */ = {isa = PBXFileReference; fileEncoding = 4; lastKnownFileType = sourcecode.cpp.h; path = mapper_CNROM.hpp; sourceTree = "<group>"; };
		09AE3D31229B05520008C759 /* common.hpp */ = {isa = PBXFileReference; fileEncoding = 4; lastKnownFileType = sourcecode.cpp.h; path = common.hpp; sourceTree = "<group>"; };
		09AE3D32229B05520008C759 /* ppu.hpp */ = {isa = PBXFileReference; fileEncoding = 4; lastKnownFileType = sourcecode.cpp.h; path = ppu.hpp; sourceTree = "<group>"; };
		09AE3D33229B05520008C759 /* log.hpp */ = {isa = PBXFileReference; fileEncoding = 4; lastKnownFileType = sourcecode.cpp.h; path = log.hpp; sourceTree = "<group>"; };
		09AE3D34229B05520008C759 /* mapper.hpp */ = {isa = PBXFileReference; fileEncoding = 4; lastKnownFileType = sourcecode.cpp.h; path = mapper.hpp; sourceTree = "<group>"; };
		09AE3D35229B05520008C759 /* cartridge.hpp */ = {isa = PBXFileReference; fileEncoding = 4; lastKnownFileType = sourcecode.cpp.h; path = cartridge.hpp; sourceTree = "<group>"; };
		09AE3D47229B05520008C759 /* ppu.cpp */ = {isa = PBXFileReference; fileEncoding = 4; lastKnownFileType = sourcecode.cpp.cpp; path = ppu.cpp; sourceTree = "<group>"; };
		09AE3D48229B05520008C759 /* mapper.cpp */ = {isa = PBXFileReference; fileEncoding = 4; lastKnownFileType = sourcecode.cpp.cpp; path = mapper.cpp; sourceTree = "<group>"; };
		09AE3D49229B05520008C759 /* cartridge.cpp */ = {isa = PBXFileReference; fileEncoding = 4; lastKnownFileType = sourcecode.cpp.cpp; path = cartridge.cpp; sourceTree = "<group>"; };
		09AE3D4A229B05520008C759 /* emulator.cpp */ = {isa = PBXFileReference; fileEncoding = 4; lastKnownFileType = sourcecode.cpp.cpp; path = emulator.cpp; sourceTree = "<group>"; };
		09AE3D4C229B05520008C759 /* picture_bus.cpp */ = {isa = PBXFileReference; fileEncoding = 4; lastKnownFileType = sourcecode.cpp.cpp; path = picture_bus.cpp; sourceTree = "<group>"; };
		09AE3D4D229B05520008C759 /* main_bus.cpp */ = {isa = PBXFileReference; fileEncoding = 4; lastKnownFileType = sourcecode.cpp.cpp; path = main_bus.cpp; sourceTree = "<group>"; };
		09AE3D4E229B05520008C759 /* controller.cpp */ = {isa = PBXFileReference; fileEncoding = 4; lastKnownFileType = sourcecode.cpp.cpp; path = controller.cpp; sourceTree = "<group>"; };
		09AE3D50229B05520008C759 /* mapper_CNROM.cpp */ = {isa = PBXFileReference; fileEncoding = 4; lastKnownFileType = sourcecode.cpp.cpp; path = mapper_CNROM.cpp; sourceTree = "<group>"; };
		09AE3D51229B05520008C759 /* mapper_UxROM.cpp */ = {isa = PBXFileReference; fileEncoding = 4; lastKnownFileType = sourcecode.cpp.cpp; path = mapper_UxROM.cpp; sourceTree = "<group>"; };
		09AE3D52229B05520008C759 /* mapper_NROM.cpp */ = {isa = PBXFileReference; fileEncoding = 4; lastKnownFileType = sourcecode.cpp.cpp; path = mapper_NROM.cpp; sourceTree = "<group>"; };
		09AE3D53229B05520008C759 /* mapper_SxROM.cpp */ = {isa = PBXFileReference; fileEncoding = 4; lastKnownFileType = sourcecode.cpp.cpp; path = mapper_SxROM.cpp; sourceTree = "<group>"; };
		09AE3D54229B05520008C759 /* cpu.cpp */ = {isa = PBXFileReference; fileEncoding = 4; lastKnownFileType = sourcecode.cpp.cpp; path = cpu.cpp; sourceTree = "<group>"; };
		09AE3D72229B06570008C759 /* nes-Bridging-Header.hpp */ = {isa = PBXFileReference; lastKnownFileType = sourcecode.cpp.h; path = "nes-Bridging-Header.hpp"; sourceTree = "<group>"; };
		09AE3D75229B16360008C759 /* emulator_wrapper.mm */ = {isa = PBXFileReference; lastKnownFileType = sourcecode.cpp.objcpp; path = emulator_wrapper.mm; sourceTree = "<group>"; };
		09AE3D77229B164E0008C759 /* emulator_wrapper.h */ = {isa = PBXFileReference; lastKnownFileType = sourcecode.c.h; path = emulator_wrapper.h; sourceTree = "<group>"; };
		09AE3DD1229B29550008C759 /* NES Emulator.app */ = {isa = PBXFileReference; explicitFileType = wrapper.application; includeInIndex = 0; path = "NES Emulator.app"; sourceTree = BUILT_PRODUCTS_DIR; };
		09AE3DD3229B29550008C759 /* AppDelegate.swift */ = {isa = PBXFileReference; lastKnownFileType = sourcecode.swift; path = AppDelegate.swift; sourceTree = "<group>"; };
		09AE3DD5229B29560008C759 /* GameViewController.swift */ = {isa = PBXFileReference; lastKnownFileType = sourcecode.swift; path = GameViewController.swift; sourceTree = "<group>"; };
		09AE3DD8229B29560008C759 /* Base */ = {isa = PBXFileReference; lastKnownFileType = file.storyboard; name = Base; path = Base.lproj/Main.storyboard; sourceTree = "<group>"; };
		09AE3DDB229B29560008C759 /* Base */ = {isa = PBXFileReference; lastKnownFileType = file.storyboard; name = Base; path = Base.lproj/LaunchScreen.storyboard; sourceTree = "<group>"; };
		09AE3DDD229B29560008C759 /* Info.plist */ = {isa = PBXFileReference; lastKnownFileType = text.plist.xml; path = Info.plist; sourceTree = "<group>"; };
		09AE3DE2229B29560008C759 /* NES Emulator.app */ = {isa = PBXFileReference; explicitFileType = wrapper.application; includeInIndex = 0; path = "NES Emulator.app"; sourceTree = BUILT_PRODUCTS_DIR; };
		09AE3E15229B2CA20008C759 /* super-mario-bros.nes */ = {isa = PBXFileReference; lastKnownFileType = file; path = "super-mario-bros.nes"; sourceTree = "<group>"; };
		09AE3E18229B4D370008C759 /* Assets.xcassets */ = {isa = PBXFileReference; lastKnownFileType = folder.assetcatalog; path = Assets.xcassets; sourceTree = "<group>"; };
/* End PBXFileReference section */

/* Begin PBXFrameworksBuildPhase section */
		09AE3D15229B05260008C759 /* Frameworks */ = {
			isa = PBXFrameworksBuildPhase;
			buildActionMask = 2147483647;
			files = (
			);
			runOnlyForDeploymentPostprocessing = 0;
		};
		09AE3DCE229B29550008C759 /* Frameworks */ = {
			isa = PBXFrameworksBuildPhase;
			buildActionMask = 2147483647;
			files = (
			);
			runOnlyForDeploymentPostprocessing = 0;
		};
		09AE3DDF229B29560008C759 /* Frameworks */ = {
			isa = PBXFrameworksBuildPhase;
			buildActionMask = 2147483647;
			files = (
			);
			runOnlyForDeploymentPostprocessing = 0;
		};
/* End PBXFrameworksBuildPhase section */

/* Begin PBXGroup section */
		09AE3D0F229B05260008C759 = {
			isa = PBXGroup;
			children = (
				09AE3E14229B2CA20008C759 /* ROMs */,
				09AE3D1A229B05260008C759 /* nesSwift */,
				09AE3DD2229B29550008C759 /* NES Emulator iOS */,
				09AE3D19229B05260008C759 /* Products */,
			);
			sourceTree = "<group>";
		};
		09AE3D19229B05260008C759 /* Products */ = {
			isa = PBXGroup;
			children = (
				09AE3D18229B05260008C759 /* nesSwift */,
				09AE3DD1229B29550008C759 /* NES Emulator.app */,
				09AE3DE2229B29560008C759 /* NES Emulator.app */,
			);
			name = Products;
			sourceTree = "<group>";
		};
		09AE3D1A229B05260008C759 /* nesSwift */ = {
			isa = PBXGroup;
			children = (
				09AE3D22229B05520008C759 /* nes */,
				09AE3D1B229B05260008C759 /* main.swift */,
			);
			path = nesSwift;
			sourceTree = "<group>";
		};
		09AE3D22229B05520008C759 /* nes */ = {
			isa = PBXGroup;
			children = (
				09AE3D24229B05520008C759 /* include */,
				09AE3D46229B05520008C759 /* src */,
				09AE3D77229B164E0008C759 /* emulator_wrapper.h */,
				09AE3D75229B16360008C759 /* emulator_wrapper.mm */,
				09AE3D72229B06570008C759 /* nes-Bridging-Header.hpp */,
			);
			path = nes;
			sourceTree = "<group>";
		};
		09AE3D24229B05520008C759 /* include */ = {
			isa = PBXGroup;
			children = (
				09AE3D25229B05520008C759 /* controller.hpp */,
				09AE3D26229B05520008C759 /* cpu.hpp */,
				09AE3D27229B05520008C759 /* palette.hpp */,
				09AE3D28229B05520008C759 /* cpu_opcodes.hpp */,
				09AE3D29229B05520008C759 /* picture_bus.hpp */,
				09AE3D2A229B05520008C759 /* main_bus.hpp */,
				09AE3D2B229B05520008C759 /* emulator.hpp */,
				09AE3D2C229B05520008C759 /* mappers */,
				09AE3D31229B05520008C759 /* common.hpp */,
				09AE3D32229B05520008C759 /* ppu.hpp */,
				09AE3D33229B05520008C759 /* log.hpp */,
				09AE3D34229B05520008C759 /* mapper.hpp */,
				09AE3D35229B05520008C759 /* cartridge.hpp */,
			);
			path = include;
			sourceTree = "<group>";
		};
		09AE3D2C229B05520008C759 /* mappers */ = {
			isa = PBXGroup;
			children = (
				09AE3D2D229B05520008C759 /* mapper_SxROM.hpp */,
				09AE3D2E229B05520008C759 /* mapper_NROM.hpp */,
				09AE3D2F229B05520008C759 /* mapper_UxROM.hpp */,
				09AE3D30229B05520008C759 /* mapper_CNROM.hpp */,
			);
			path = mappers;
			sourceTree = "<group>";
		};
		09AE3D46229B05520008C759 /* src */ = {
			isa = PBXGroup;
			children = (
				09AE3D47229B05520008C759 /* ppu.cpp */,
				09AE3D48229B05520008C759 /* mapper.cpp */,
				09AE3D49229B05520008C759 /* cartridge.cpp */,
				09AE3D4A229B05520008C759 /* emulator.cpp */,
				09AE3D4C229B05520008C759 /* picture_bus.cpp */,
				09AE3D4D229B05520008C759 /* main_bus.cpp */,
				09AE3D4E229B05520008C759 /* controller.cpp */,
				09AE3D4F229B05520008C759 /* mappers */,
				09AE3D54229B05520008C759 /* cpu.cpp */,
			);
			path = src;
			sourceTree = "<group>";
		};
		09AE3D4F229B05520008C759 /* mappers */ = {
			isa = PBXGroup;
			children = (
				09AE3D50229B05520008C759 /* mapper_CNROM.cpp */,
				09AE3D51229B05520008C759 /* mapper_UxROM.cpp */,
				09AE3D52229B05520008C759 /* mapper_NROM.cpp */,
				09AE3D53229B05520008C759 /* mapper_SxROM.cpp */,
			);
			path = mappers;
			sourceTree = "<group>";
		};
		09AE3DD2229B29550008C759 /* NES Emulator iOS */ = {
			isa = PBXGroup;
			children = (
				09AE3DD3229B29550008C759 /* AppDelegate.swift */,
				09AE3DD5229B29560008C759 /* GameViewController.swift */,
				09506B1E22A6B07E00094ECF /* ROMSelectViewController.swift */,
				09AE3DD7229B29560008C759 /* Main.storyboard */,
				09AE3DDA229B29560008C759 /* LaunchScreen.storyboard */,
				09AE3DDD229B29560008C759 /* Info.plist */,
				09AE3E18229B4D370008C759 /* Assets.xcassets */,
			);
			path = "NES Emulator iOS";
			sourceTree = "<group>";
		};
		09AE3E14229B2CA20008C759 /* ROMs */ = {
			isa = PBXGroup;
			children = (
				095005C6229B797A003CAF8E /* tetris.nes */,
				09AE3E15229B2CA20008C759 /* super-mario-bros.nes */,
				095005C8229B8E00003CAF8E /* zelda1.nes */,
			);
			path = ROMs;
			sourceTree = "<group>";
		};
/* End PBXGroup section */

/* Begin PBXNativeTarget section */
		09AE3D17229B05260008C759 /* nesSwift */ = {
			isa = PBXNativeTarget;
			buildConfigurationList = 09AE3D1F229B05260008C759 /* Build configuration list for PBXNativeTarget "nesSwift" */;
			buildPhases = (
				09AE3D14229B05260008C759 /* Sources */,
				09AE3D15229B05260008C759 /* Frameworks */,
				09AE3D16229B05260008C759 /* CopyFiles */,
			);
			buildRules = (
			);
			dependencies = (
			);
			name = nesSwift;
			productName = nesSwift;
			productReference = 09AE3D18229B05260008C759 /* nesSwift */;
			productType = "com.apple.product-type.tool";
		};
		09AE3DD0229B29550008C759 /* NES Emulator iOS */ = {
			isa = PBXNativeTarget;
			buildConfigurationList = 09AE3DF4229B29560008C759 /* Build configuration list for PBXNativeTarget "NES Emulator iOS" */;
			buildPhases = (
				09AE3DCD229B29550008C759 /* Sources */,
				09AE3DCE229B29550008C759 /* Frameworks */,
				09AE3DCF229B29550008C759 /* Resources */,
			);
			buildRules = (
			);
			dependencies = (
			);
			name = "NES Emulator iOS";
			productName = "NES Emulator iOS";
			productReference = 09AE3DD1229B29550008C759 /* NES Emulator.app */;
			productType = "com.apple.product-type.application";
		};
		09AE3DE1229B29560008C759 /* NES Emulator macOS */ = {
			isa = PBXNativeTarget;
			buildConfigurationList = 09AE3DF7229B29560008C759 /* Build configuration list for PBXNativeTarget "NES Emulator macOS" */;
			buildPhases = (
				09AE3DDE229B29560008C759 /* Sources */,
				09AE3DDF229B29560008C759 /* Frameworks */,
				09AE3DE0229B29560008C759 /* Resources */,
			);
			buildRules = (
			);
			dependencies = (
			);
			name = "NES Emulator macOS";
			productName = "NES Emulator macOS";
			productReference = 09AE3DE2229B29560008C759 /* NES Emulator.app */;
			productType = "com.apple.product-type.application";
		};
/* End PBXNativeTarget section */

/* Begin PBXProject section */
		09AE3D10229B05260008C759 /* Project object */ = {
			isa = PBXProject;
			attributes = {
				LastSwiftUpdateCheck = 1020;
				LastUpgradeCheck = 1020;
				ORGANIZATIONNAME = Kautenja;
				TargetAttributes = {
					09AE3D17229B05260008C759 = {
						CreatedOnToolsVersion = 10.2.1;
					};
					09AE3DD0229B29550008C759 = {
						CreatedOnToolsVersion = 10.2.1;
					};
					09AE3DE1229B29560008C759 = {
						CreatedOnToolsVersion = 10.2.1;
					};
				};
			};
			buildConfigurationList = 09AE3D13229B05260008C759 /* Build configuration list for PBXProject "nesSwift" */;
			compatibilityVersion = "Xcode 9.3";
			developmentRegion = en;
			hasScannedForEncodings = 0;
			knownRegions = (
				en,
				Base,
			);
			mainGroup = 09AE3D0F229B05260008C759;
			productRefGroup = 09AE3D19229B05260008C759 /* Products */;
			projectDirPath = "";
			projectRoot = "";
			targets = (
				09AE3D17229B05260008C759 /* nesSwift */,
				09AE3DD0229B29550008C759 /* NES Emulator iOS */,
				09AE3DE1229B29560008C759 /* NES Emulator macOS */,
			);
		};
/* End PBXProject section */

/* Begin PBXResourcesBuildPhase section */
		09AE3DCF229B29550008C759 /* Resources */ = {
			isa = PBXResourcesBuildPhase;
			buildActionMask = 2147483647;
			files = (
				09AE3DD9229B29560008C759 /* Main.storyboard in Resources */,
				09AE3DDC229B29560008C759 /* LaunchScreen.storyboard in Resources */,
				09AE3E19229B4D370008C759 /* Assets.xcassets in Resources */,
				095005C9229B8E00003CAF8E /* zelda1.nes in Resources */,
				095005C7229B797A003CAF8E /* tetris.nes in Resources */,
				09AE3E16229B2CA20008C759 /* super-mario-bros.nes in Resources */,
			);
			runOnlyForDeploymentPostprocessing = 0;
		};
		09AE3DE0229B29560008C759 /* Resources */ = {
			isa = PBXResourcesBuildPhase;
			buildActionMask = 2147483647;
			files = (
			);
			runOnlyForDeploymentPostprocessing = 0;
		};
/* End PBXResourcesBuildPhase section */

/* Begin PBXSourcesBuildPhase section */
		09AE3D14229B05260008C759 /* Sources */ = {
			isa = PBXSourcesBuildPhase;
			buildActionMask = 2147483647;
			files = (
				09AE3D69229B05520008C759 /* controller.cpp in Sources */,
				09AE3D67229B05520008C759 /* picture_bus.cpp in Sources */,
				09AE3D1C229B05260008C759 /* main.swift in Sources */,
				09AE3D62229B05520008C759 /* ppu.cpp in Sources */,
				09AE3D6D229B05520008C759 /* mapper_SxROM.cpp in Sources */,
				09AE3D6A229B05520008C759 /* mapper_CNROM.cpp in Sources */,
				09AE3D76229B16360008C759 /* emulator_wrapper.mm in Sources */,
				09AE3D68229B05520008C759 /* main_bus.cpp in Sources */,
				09AE3D63229B05520008C759 /* mapper.cpp in Sources */,
				09AE3D6C229B05520008C759 /* mapper_NROM.cpp in Sources */,
				09AE3D65229B05520008C759 /* emulator.cpp in Sources */,
				09AE3D64229B05520008C759 /* cartridge.cpp in Sources */,
				09AE3D6E229B05520008C759 /* cpu.cpp in Sources */,
				09AE3D6B229B05520008C759 /* mapper_UxROM.cpp in Sources */,
			);
			runOnlyForDeploymentPostprocessing = 0;
		};
		09AE3DCD229B29550008C759 /* Sources */ = {
			isa = PBXSourcesBuildPhase;
			buildActionMask = 2147483647;
			files = (
				09AE3DFA229B2A130008C759 /* ppu.cpp in Sources */,
				09AE3DFB229B2A130008C759 /* mapper.cpp in Sources */,
				09AE3DFC229B2A130008C759 /* cartridge.cpp in Sources */,
				09AE3DFD229B2A130008C759 /* emulator.cpp in Sources */,
				09AE3DFE229B2A130008C759 /* picture_bus.cpp in Sources */,
				09506B1F22A6B07E00094ECF /* ROMSelectViewController.swift in Sources */,
				09AE3DFF229B2A130008C759 /* main_bus.cpp in Sources */,
				09AE3E00229B2A130008C759 /* controller.cpp in Sources */,
				09AE3E01229B2A130008C759 /* mapper_CNROM.cpp in Sources */,
				09AE3E02229B2A130008C759 /* mapper_UxROM.cpp in Sources */,
				09AE3E03229B2A130008C759 /* mapper_NROM.cpp in Sources */,
				09AE3E04229B2A130008C759 /* mapper_SxROM.cpp in Sources */,
				09AE3E05229B2A130008C759 /* cpu.cpp in Sources */,
				09AE3E06229B2A130008C759 /* emulator_wrapper.mm in Sources */,
				09AE3DD6229B29560008C759 /* GameViewController.swift in Sources */,
				09AE3DD4229B29560008C759 /* AppDelegate.swift in Sources */,
			);
			runOnlyForDeploymentPostprocessing = 0;
		};
		09AE3DDE229B29560008C759 /* Sources */ = {
			isa = PBXSourcesBuildPhase;
			buildActionMask = 2147483647;
			files = (
				09AE3E07229B2AE30008C759 /* ppu.cpp in Sources */,
				09AE3E08229B2AE30008C759 /* mapper.cpp in Sources */,
				09AE3E09229B2AE30008C759 /* cartridge.cpp in Sources */,
				09AE3E0A229B2AE30008C759 /* emulator.cpp in Sources */,
				09AE3E0B229B2AE30008C759 /* picture_bus.cpp in Sources */,
				09AE3E0C229B2AE30008C759 /* main_bus.cpp in Sources */,
				09AE3E0D229B2AE30008C759 /* controller.cpp in Sources */,
				09AE3E0E229B2AE30008C759 /* mapper_CNROM.cpp in Sources */,
				09AE3E0F229B2AE30008C759 /* mapper_UxROM.cpp in Sources */,
				09AE3E10229B2AE30008C759 /* mapper_NROM.cpp in Sources */,
				09AE3E11229B2AE30008C759 /* mapper_SxROM.cpp in Sources */,
				09AE3E12229B2AE30008C759 /* cpu.cpp in Sources */,
				09AE3E13229B2AE30008C759 /* emulator_wrapper.mm in Sources */,
			);
			runOnlyForDeploymentPostprocessing = 0;
		};
/* End PBXSourcesBuildPhase section */

/* Begin PBXVariantGroup section */
		09AE3DD7229B29560008C759 /* Main.storyboard */ = {
			isa = PBXVariantGroup;
			children = (
				09AE3DD8229B29560008C759 /* Base */,
			);
			name = Main.storyboard;
			sourceTree = "<group>";
		};
		09AE3DDA229B29560008C759 /* LaunchScreen.storyboard */ = {
			isa = PBXVariantGroup;
			children = (
				09AE3DDB229B29560008C759 /* Base */,
			);
			name = LaunchScreen.storyboard;
			sourceTree = "<group>";
		};
/* End PBXVariantGroup section */

/* Begin XCBuildConfiguration section */
		09AE3D1D229B05260008C759 /* Debug */ = {
			isa = XCBuildConfiguration;
			buildSettings = {
				ALWAYS_SEARCH_USER_PATHS = NO;
				CLANG_ANALYZER_NONNULL = YES;
				CLANG_ANALYZER_NUMBER_OBJECT_CONVERSION = YES_AGGRESSIVE;
				CLANG_CXX_LANGUAGE_STANDARD = "gnu++14";
				CLANG_CXX_LIBRARY = "libc++";
				CLANG_ENABLE_MODULES = YES;
				CLANG_ENABLE_OBJC_ARC = YES;
				CLANG_ENABLE_OBJC_WEAK = YES;
				CLANG_WARN_BLOCK_CAPTURE_AUTORELEASING = YES;
				CLANG_WARN_BOOL_CONVERSION = YES;
				CLANG_WARN_COMMA = YES;
				CLANG_WARN_CONSTANT_CONVERSION = YES;
				CLANG_WARN_DEPRECATED_OBJC_IMPLEMENTATIONS = YES;
				CLANG_WARN_DIRECT_OBJC_ISA_USAGE = YES_ERROR;
				CLANG_WARN_DOCUMENTATION_COMMENTS = YES;
				CLANG_WARN_EMPTY_BODY = YES;
				CLANG_WARN_ENUM_CONVERSION = YES;
				CLANG_WARN_INFINITE_RECURSION = YES;
				CLANG_WARN_INT_CONVERSION = YES;
				CLANG_WARN_NON_LITERAL_NULL_CONVERSION = YES;
				CLANG_WARN_OBJC_IMPLICIT_RETAIN_SELF = YES;
				CLANG_WARN_OBJC_LITERAL_CONVERSION = YES;
				CLANG_WARN_OBJC_ROOT_CLASS = YES_ERROR;
				CLANG_WARN_RANGE_LOOP_ANALYSIS = YES;
				CLANG_WARN_STRICT_PROTOTYPES = YES;
				CLANG_WARN_SUSPICIOUS_MOVE = YES;
				CLANG_WARN_UNGUARDED_AVAILABILITY = YES_AGGRESSIVE;
				CLANG_WARN_UNREACHABLE_CODE = YES;
				CLANG_WARN__DUPLICATE_METHOD_MATCH = YES;
				CODE_SIGN_IDENTITY = "Mac Developer";
				COPY_PHASE_STRIP = NO;
				DEBUG_INFORMATION_FORMAT = dwarf;
				ENABLE_STRICT_OBJC_MSGSEND = YES;
				ENABLE_TESTABILITY = YES;
				GCC_C_LANGUAGE_STANDARD = gnu11;
				GCC_DYNAMIC_NO_PIC = NO;
				GCC_NO_COMMON_BLOCKS = YES;
				GCC_OPTIMIZATION_LEVEL = 0;
				GCC_PREPROCESSOR_DEFINITIONS = (
					"DEBUG=1",
					"$(inherited)",
				);
				GCC_WARN_64_TO_32_BIT_CONVERSION = YES;
				GCC_WARN_ABOUT_RETURN_TYPE = YES_ERROR;
				GCC_WARN_UNDECLARED_SELECTOR = YES;
				GCC_WARN_UNINITIALIZED_AUTOS = YES_AGGRESSIVE;
				GCC_WARN_UNUSED_FUNCTION = YES;
				GCC_WARN_UNUSED_VARIABLE = YES;
				MACOSX_DEPLOYMENT_TARGET = 10.14;
				MTL_ENABLE_DEBUG_INFO = INCLUDE_SOURCE;
				MTL_FAST_MATH = YES;
				ONLY_ACTIVE_ARCH = YES;
				SDKROOT = macosx;
				SWIFT_ACTIVE_COMPILATION_CONDITIONS = DEBUG;
				SWIFT_OPTIMIZATION_LEVEL = "-Onone";
			};
			name = Debug;
		};
		09AE3D1E229B05260008C759 /* Release */ = {
			isa = XCBuildConfiguration;
			buildSettings = {
				ALWAYS_SEARCH_USER_PATHS = NO;
				CLANG_ANALYZER_NONNULL = YES;
				CLANG_ANALYZER_NUMBER_OBJECT_CONVERSION = YES_AGGRESSIVE;
				CLANG_CXX_LANGUAGE_STANDARD = "gnu++14";
				CLANG_CXX_LIBRARY = "libc++";
				CLANG_ENABLE_MODULES = YES;
				CLANG_ENABLE_OBJC_ARC = YES;
				CLANG_ENABLE_OBJC_WEAK = YES;
				CLANG_WARN_BLOCK_CAPTURE_AUTORELEASING = YES;
				CLANG_WARN_BOOL_CONVERSION = YES;
				CLANG_WARN_COMMA = YES;
				CLANG_WARN_CONSTANT_CONVERSION = YES;
				CLANG_WARN_DEPRECATED_OBJC_IMPLEMENTATIONS = YES;
				CLANG_WARN_DIRECT_OBJC_ISA_USAGE = YES_ERROR;
				CLANG_WARN_DOCUMENTATION_COMMENTS = YES;
				CLANG_WARN_EMPTY_BODY = YES;
				CLANG_WARN_ENUM_CONVERSION = YES;
				CLANG_WARN_INFINITE_RECURSION = YES;
				CLANG_WARN_INT_CONVERSION = YES;
				CLANG_WARN_NON_LITERAL_NULL_CONVERSION = YES;
				CLANG_WARN_OBJC_IMPLICIT_RETAIN_SELF = YES;
				CLANG_WARN_OBJC_LITERAL_CONVERSION = YES;
				CLANG_WARN_OBJC_ROOT_CLASS = YES_ERROR;
				CLANG_WARN_RANGE_LOOP_ANALYSIS = YES;
				CLANG_WARN_STRICT_PROTOTYPES = YES;
				CLANG_WARN_SUSPICIOUS_MOVE = YES;
				CLANG_WARN_UNGUARDED_AVAILABILITY = YES_AGGRESSIVE;
				CLANG_WARN_UNREACHABLE_CODE = YES;
				CLANG_WARN__DUPLICATE_METHOD_MATCH = YES;
				CODE_SIGN_IDENTITY = "Mac Developer";
				COPY_PHASE_STRIP = NO;
				DEBUG_INFORMATION_FORMAT = "dwarf-with-dsym";
				ENABLE_NS_ASSERTIONS = NO;
				ENABLE_STRICT_OBJC_MSGSEND = YES;
				GCC_C_LANGUAGE_STANDARD = gnu11;
				GCC_NO_COMMON_BLOCKS = YES;
				GCC_WARN_64_TO_32_BIT_CONVERSION = YES;
				GCC_WARN_ABOUT_RETURN_TYPE = YES_ERROR;
				GCC_WARN_UNDECLARED_SELECTOR = YES;
				GCC_WARN_UNINITIALIZED_AUTOS = YES_AGGRESSIVE;
				GCC_WARN_UNUSED_FUNCTION = YES;
				GCC_WARN_UNUSED_VARIABLE = YES;
				MACOSX_DEPLOYMENT_TARGET = 10.14;
				MTL_ENABLE_DEBUG_INFO = NO;
				MTL_FAST_MATH = YES;
				SDKROOT = macosx;
				SWIFT_COMPILATION_MODE = wholemodule;
				SWIFT_OPTIMIZATION_LEVEL = "-O";
			};
			name = Release;
		};
		09AE3D20229B05260008C759 /* Debug */ = {
			isa = XCBuildConfiguration;
			buildSettings = {
				CLANG_CXX_LANGUAGE_STANDARD = "gnu++14";
				CLANG_CXX_LIBRARY = "libc++";
				CODE_SIGN_STYLE = Automatic;
				DEVELOPMENT_TEAM = YLBWSHF35Z;
				GCC_C_LANGUAGE_STANDARD = gnu11;
				GCC_INPUT_FILETYPE = automatic;
				PRODUCT_NAME = "$(TARGET_NAME)";
				SWIFT_OBJC_BRIDGING_HEADER = "nesSwift/nes/nes-Bridging-Header.hpp";
				SWIFT_PRECOMPILE_BRIDGING_HEADER = YES;
				SWIFT_VERSION = 5.0;
			};
			name = Debug;
		};
		09AE3D21229B05260008C759 /* Release */ = {
			isa = XCBuildConfiguration;
			buildSettings = {
				CLANG_CXX_LANGUAGE_STANDARD = "gnu++14";
				CLANG_CXX_LIBRARY = "libc++";
				CODE_SIGN_STYLE = Automatic;
				DEVELOPMENT_TEAM = YLBWSHF35Z;
				GCC_C_LANGUAGE_STANDARD = gnu11;
				GCC_INPUT_FILETYPE = automatic;
				PRODUCT_NAME = "$(TARGET_NAME)";
				SWIFT_OBJC_BRIDGING_HEADER = "nesSwift/nes/nes-Bridging-Header.hpp";
				SWIFT_PRECOMPILE_BRIDGING_HEADER = YES;
				SWIFT_VERSION = 5.0;
			};
			name = Release;
		};
		09AE3DF5229B29560008C759 /* Debug */ = {
			isa = XCBuildConfiguration;
			buildSettings = {
				ASSETCATALOG_COMPILER_APPICON_NAME = AppIcon;
				CODE_SIGN_IDENTITY = "iPhone Developer";
				CODE_SIGN_STYLE = Automatic;
				DEVELOPMENT_TEAM = YLBWSHF35Z;
				GCC_OPTIMIZATION_LEVEL = 2;
				INFOPLIST_FILE = "NES Emulator iOS/Info.plist";
				IPHONEOS_DEPLOYMENT_TARGET = 12.2;
				LD_RUNPATH_SEARCH_PATHS = (
					"$(inherited)",
					"@executable_path/Frameworks",
				);
				PRODUCT_BUNDLE_IDENTIFIER = "com.github.kautenja.NES-Emulator";
				PRODUCT_NAME = "NES Emulator";
				SDKROOT = iphoneos;
				SWIFT_OBJC_BRIDGING_HEADER = "nesSwift/nes/nes-Bridging-Header.hpp";
				SWIFT_VERSION = 5.0;
				TARGETED_DEVICE_FAMILY = "1,2";
			};
			name = Debug;
		};
		09AE3DF6229B29560008C759 /* Release */ = {
			isa = XCBuildConfiguration;
			buildSettings = {
				ASSETCATALOG_COMPILER_APPICON_NAME = AppIcon;
				CODE_SIGN_IDENTITY = "iPhone Developer";
				CODE_SIGN_STYLE = Automatic;
				DEVELOPMENT_TEAM = YLBWSHF35Z;
				GCC_OPTIMIZATION_LEVEL = 2;
				INFOPLIST_FILE = "NES Emulator iOS/Info.plist";
				IPHONEOS_DEPLOYMENT_TARGET = 12.2;
				LD_RUNPATH_SEARCH_PATHS = (
					"$(inherited)",
					"@executable_path/Frameworks",
				);
				PRODUCT_BUNDLE_IDENTIFIER = "com.github.kautenja.NES-Emulator";
				PRODUCT_NAME = "NES Emulator";
				SDKROOT = iphoneos;
				SWIFT_OBJC_BRIDGING_HEADER = "nesSwift/nes/nes-Bridging-Header.hpp";
				SWIFT_VERSION = 5.0;
				TARGETED_DEVICE_FAMILY = "1,2";
				VALIDATE_PRODUCT = YES;
			};
			name = Release;
		};
		09AE3DF8229B29560008C759 /* Debug */ = {
			isa = XCBuildConfiguration;
			buildSettings = {
				ASSETCATALOG_COMPILER_APPICON_NAME = AppIcon;
				CODE_SIGN_IDENTITY = "-";
				CODE_SIGN_STYLE = Automatic;
				COMBINE_HIDPI_IMAGES = YES;
				DEVELOPMENT_TEAM = YLBWSHF35Z;
				INFOPLIST_FILE = "NES Emulator macOS/Info.plist";
				LD_RUNPATH_SEARCH_PATHS = (
					"$(inherited)",
					"@executable_path/../Frameworks",
				);
				MACOSX_DEPLOYMENT_TARGET = 10.14;
				PRODUCT_BUNDLE_IDENTIFIER = "com.github.kautenja.NES-Emulator";
				PRODUCT_NAME = "NES Emulator";
				SDKROOT = macosx;
				SWIFT_OBJC_BRIDGING_HEADER = "nesSwift/nes/nes-Bridging-Header.hpp";
				SWIFT_VERSION = 5.0;
			};
			name = Debug;
		};
		09AE3DF9229B29560008C759 /* Release */ = {
			isa = XCBuildConfiguration;
			buildSettings = {
				ASSETCATALOG_COMPILER_APPICON_NAME = AppIcon;
				CODE_SIGN_IDENTITY = "-";
				CODE_SIGN_STYLE = Automatic;
				COMBINE_HIDPI_IMAGES = YES;
				DEVELOPMENT_TEAM = YLBWSHF35Z;
				INFOPLIST_FILE = "NES Emulator macOS/Info.plist";
				LD_RUNPATH_SEARCH_PATHS = (
					"$(inherited)",
					"@executable_path/../Frameworks",
				);
				MACOSX_DEPLOYMENT_TARGET = 10.14;
				PRODUCT_BUNDLE_IDENTIFIER = "com.github.kautenja.NES-Emulator";
				PRODUCT_NAME = "NES Emulator";
				SDKROOT = macosx;
				SWIFT_OBJC_BRIDGING_HEADER = "nesSwift/nes/nes-Bridging-Header.hpp";
				SWIFT_VERSION = 5.0;
			};
			name = Release;
		};
/* End XCBuildConfiguration section */

/* Begin XCConfigurationList section */
		09AE3D13229B05260008C759 /* Build configuration list for PBXProject "nesSwift" */ = {
			isa = XCConfigurationList;
			buildConfigurations = (
				09AE3D1D229B05260008C759 /* Debug */,
				09AE3D1E229B05260008C759 /* Release */,
			);
			defaultConfigurationIsVisible = 0;
			defaultConfigurationName = Release;
		};
		09AE3D1F229B05260008C759 /* Build configuration list for PBXNativeTarget "nesSwift" */ = {
			isa = XCConfigurationList;
			buildConfigurations = (
				09AE3D20229B05260008C759 /* Debug */,
				09AE3D21229B05260008C759 /* Release */,
			);
			defaultConfigurationIsVisible = 0;
			defaultConfigurationName = Release;
		};
		09AE3DF4229B29560008C759 /* Build configuration list for PBXNativeTarget "NES Emulator iOS" */ = {
			isa = XCConfigurationList;
			buildConfigurations = (
				09AE3DF5229B29560008C759 /* Debug */,
				09AE3DF6229B29560008C759 /* Release */,
			);
			defaultConfigurationIsVisible = 0;
			defaultConfigurationName = Release;
		};
		09AE3DF7229B29560008C759 /* Build configuration list for PBXNativeTarget "NES Emulator macOS" */ = {
			isa = XCConfigurationList;
			buildConfigurations = (
				09AE3DF8229B29560008C759 /* Debug */,
				09AE3DF9229B29560008C759 /* Release */,
			);
			defaultConfigurationIsVisible = 0;
			defaultConfigurationName = Release;
		};
/* End XCConfigurationList section */
	};
	rootObject = 09AE3D10229B05260008C759 /* Project object */;
}
